Microsoft Visual Studio Solution File, Format Version 11.00
# Visual Studio 2010
Project("{2150E333-8FDC-42A3-9474-1A3956D46DE8}") = "Solution Items", "Solution Items", "{15E3FDC3-722D-4D1E-98FB-B254D8BD2913}"
	ProjectSection(SolutionItems) = preProject
		History.txt = History.txt
		LocalTestRun.testrunconfig = LocalTestRun.testrunconfig
		LvS.net.vsmdi = LvS.net.vsmdi
	EndProjectSection
EndProject
Project("{F184B08F-C81C-45F6-A57F-5ABD9991F28F}") = "LvS", "LvS\LvS.vbproj", "{4DDF6C43-A8F6-4507-BBAF-98CB692F39FA}"
EndProject
Project("{F184B08F-C81C-45F6-A57F-5ABD9991F28F}") = "LvS_utilities", "LvS_utilities\LvS_utilities.vbproj", "{12C7E7F5-4D3D-4A20-9B63-E9B60FEC2B72}"
EndProject
Project("{54435603-DBB4-11D2-8724-00A0C9A8B90C}") = "LvS installer", "Lvs installer\Lvs installer.vdproj", "{539D5B9F-4253-4E70-A9E1-97E8366F34B1}"
	ProjectSection(ProjectDependencies) = postProject
		{B2F57508-9D02-4AD3-848F-0021320B7D39} = {B2F57508-9D02-4AD3-848F-0021320B7D39}
		{12C7E7F5-4D3D-4A20-9B63-E9B60FEC2B72} = {12C7E7F5-4D3D-4A20-9B63-E9B60FEC2B72}
	EndProjectSection
EndProject
Project("{F184B08F-C81C-45F6-A57F-5ABD9991F28F}") = "LvS_utilities_Test", "LvS_utilities_Test\LvS_utilities_Test.vbproj", "{9FF70505-EC8E-4E89-ACD3-FEBA78AC4FA5}"
EndProject
Project("{F184B08F-C81C-45F6-A57F-5ABD9991F28F}") = "LvS_models", "LvS_models\LvS_models.vbproj", "{B2F57508-9D02-4AD3-848F-0021320B7D39}"
EndProject
Global
	GlobalSection(TestCaseManagementSettings) = postSolution
		CategoryFile = LvS.net.vsmdi
	EndGlobalSection
	GlobalSection(SolutionConfigurationPlatforms) = preSolution
		Debug|Any CPU = Debug|Any CPU
		Release|Any CPU = Release|Any CPU
	EndGlobalSection
	GlobalSection(ProjectConfigurationPlatforms) = postSolution
		{4DDF6C43-A8F6-4507-BBAF-98CB692F39FA}.Debug|Any CPU.ActiveCfg = Debug|Any CPU
		{4DDF6C43-A8F6-4507-BBAF-98CB692F39FA}.Debug|Any CPU.Build.0 = Debug|Any CPU
		{4DDF6C43-A8F6-4507-BBAF-98CB692F39FA}.Release|Any CPU.ActiveCfg = Release|Any CPU
		{4DDF6C43-A8F6-4507-BBAF-98CB692F39FA}.Release|Any CPU.Build.0 = Release|Any CPU
		{12C7E7F5-4D3D-4A20-9B63-E9B60FEC2B72}.Debug|Any CPU.ActiveCfg = Debug|Any CPU
		{12C7E7F5-4D3D-4A20-9B63-E9B60FEC2B72}.Debug|Any CPU.Build.0 = Debug|Any CPU
		{12C7E7F5-4D3D-4A20-9B63-E9B60FEC2B72}.Release|Any CPU.ActiveCfg = Release|Any CPU
		{12C7E7F5-4D3D-4A20-9B63-E9B60FEC2B72}.Release|Any CPU.Build.0 = Release|Any CPU
		{539D5B9F-4253-4E70-A9E1-97E8366F34B1}.Debug|Any CPU.ActiveCfg = Debug
		{539D5B9F-4253-4E70-A9E1-97E8366F34B1}.Release|Any CPU.ActiveCfg = Release
		{539D5B9F-4253-4E70-A9E1-97E8366F34B1}.Release|Any CPU.Build.0 = Release
		{9FF70505-EC8E-4E89-ACD3-FEBA78AC4FA5}.Debug|Any CPU.ActiveCfg = Debug|Any CPU
		{9FF70505-EC8E-4E89-ACD3-FEBA78AC4FA5}.Debug|Any CPU.Build.0 = Debug|Any CPU
		{9FF70505-EC8E-4E89-ACD3-FEBA78AC4FA5}.Release|Any CPU.ActiveCfg = Release|Any CPU
		{9FF70505-EC8E-4E89-ACD3-FEBA78AC4FA5}.Release|Any CPU.Build.0 = Release|Any CPU
		{B2F57508-9D02-4AD3-848F-0021320B7D39}.Debug|Any CPU.ActiveCfg = Debug|Any CPU
		{B2F57508-9D02-4AD3-848F-0021320B7D39}.Debug|Any CPU.Build.0 = Debug|Any CPU
		{B2F57508-9D02-4AD3-848F-0021320B7D39}.Release|Any CPU.ActiveCfg = Release|Any CPU
		{B2F57508-9D02-4AD3-848F-0021320B7D39}.Release|Any CPU.Build.0 = Release|Any CPU
	EndGlobalSection
	GlobalSection(SolutionProperties) = preSolution
		HideSolutionNode = FALSE
	EndGlobalSection
EndGlobal
